schema: '2.0'
stages:

  download:
    cmd: python3 stages/01_download.py
    deps:
    - path: https://reporter.nih.gov/exporter
      hash: md5
      checksum: '"1da2d072b942d0e:dtagent10277231024135831vLsK"'
      size: 3596
    outs:
    - path: download
      hash: md5
      md5: e205b6c0dae85fee71e0e7078c1e264b.dir
      size: 2716413850
      nfiles: 77

  build:
    cmd: python3 stages/02_build.py
    deps:
    - path: download
      hash: md5
      md5: e205b6c0dae85fee71e0e7078c1e264b.dir
      size: 2716413850
      nfiles: 77
    outs:
    - path: brick/nih_reporter.parquet
      hash: md5
      md5: 210460682d646935dfcf0c93358bad05.dir
      size: 4604121335
      nfiles: 38
